{
  "name": "awb-os",
  "lockfileVersion": 3,
  "requires": true,
  "packages": {
    "": {
      "dependencies": {
        "@huggingface/inference": "^4.13.18"
      }
    },
    "node_modules/@huggingface/inference": {
      "version": "4.13.18",
      "resolved": "https://registry.npmjs.org/@huggingface/inference/-/inference-4.13.18.tgz",
      "integrity": "sha512-n0dP3FhmIqJoLU5yGoG6lBZVW50+IgeLDubLL1P28zG4Adp2rhKYQGt5j52JCwlmKDf2ruWjuIcfrjkobT0RlQ==",
      "license": "MIT",
      "dependencies": {
        "@huggingface/jinja": "^0.5.9",
        "@huggingface/tasks": "^0.21.1"
      },
      "engines": {
        "node": ">=18"
      }
    },
    "node_modules/@huggingface/jinja": {
      "version": "0.5.9",
      "resolved": "https://registry.npmjs.org/@huggingface/jinja/-/jinja-0.5.9.tgz",
      "integrity": "sha512-uWTG+l3VJRsl7EXxYizuL3P+cCPoc3cRqbWWRcQN0FhejRfbdq0RNhCmbY/YDtnTcz9icdLYuLDjsnz4d8JMuw==",
      "license": "MIT",
      "engines": {
        "node": ">=18"
      }
    },
    "node_modules/@huggingface/tasks": {
      "version": "0.21.8",
      "resolved": "https://registry.npmjs.org/@huggingface/tasks/-/tasks-0.21.8.tgz",
      "integrity": "sha512-+XNkgBks3dPVzSrnngHwsfB0BBjRZKmvmO6f45UDrvjygmZuzPTQN3+vbaMbxsAW2CHfEF6YQT3dAUvVNUGgug==",
      "license": "MIT"
    }
  }
}
